
Microsoft Visual Studio Solution File, Format Version 12.00
# Visual Studio 14
VisualStudioVersion = 14.0.25420.1
MinimumVisualStudioVersion = 10.0.40219.1
Project("{2150E333-8FDC-42A3-9474-1A3956D46DE8}") = ".nuget", ".nuget", "{C801CAEB-8A86-4543-AA0B-0CECCBBC03B0}"
	ProjectSection(SolutionItems) = preProject
		.nuget\nuget.config = .nuget\nuget.config
		.nuget\packages.config = .nuget\packages.config
	EndProjectSection
EndProject
Project("{00D1A9C2-B5F0-4AF3-8072-F6C62B433612}") = "MercuryHealth.Sql", "MercuryHealth.Sql\MercuryHealth.Sql.sqlproj", "{A051EB19-EA83-4FF9-A5B2-205D4BE48718}"
EndProject
Project("{FAE04EC0-301F-11D3-BF4B-00C04F79EFBC}") = "MercuryHealth.Web.PerfTests", "MercuryHealth.Web.PerfTests\MercuryHealth.Web.PerfTests.csproj", "{D07F10B5-8285-434E-845D-CB0F3A3F49D1}"
EndProject
Project("{2150E333-8FDC-42A3-9474-1A3956D46DE8}") = "Solution Items", "Solution Items", "{FC4BF329-3E7A-410A-842D-618101D7491F}"
	ProjectSection(SolutionItems) = preProject
		Cloud.testsettings = Cloud.testsettings
		Local.testsettings = Local.testsettings
	EndProjectSection
EndProject
Project("{FAE04EC0-301F-11D3-BF4B-00C04F79EFBC}") = "MercuryHealth.Web.FuncTests", "MercuryHealth.Web.FuncTests\MercuryHealth.Web.FuncTests.csproj", "{9AC33941-0C79-46CC-8C35-9A3B1EAB2C54}"
EndProject
Project("{2150E333-8FDC-42A3-9474-1A3956D46DE8}") = "Tests", "Tests", "{BFE129F0-6B82-4A64-B0FF-E0C02DEDEB31}"
EndProject
Project("{FAE04EC0-301F-11D3-BF4B-00C04F79EFBC}") = "MercuryHealth.Web", "MercuryHealth.Web\MercuryHealth.Web.csproj", "{00050800-640D-47F0-A745-8759842A5059}"
EndProject
Project("{FAE04EC0-301F-11D3-BF4B-00C04F79EFBC}") = "MercuryHealth.Models", "MercuryHealth.Models\MercuryHealth.Models.csproj", "{F8591E8E-9009-4000-84A9-96B258F28D76}"
EndProject
Project("{FAE04EC0-301F-11D3-BF4B-00C04F79EFBC}") = "MercuryHealth.AutomatedTest", "MercuryHealth.AutomatedTest\MercuryHealth.AutomatedTest.csproj", "{9ED2913B-2982-46D1-8E46-8622BFC90640}"
EndProject
Project("{FAE04EC0-301F-11D3-BF4B-00C04F79EFBC}") = "MercuryHealth.UnitTests", "MercuryHealth.UnitTests\MercuryHealth.UnitTests.csproj", "{CE4F844D-C751-41CA-9DD8-E09924BE8BCB}"
EndProject
Project("{FAE04EC0-301F-11D3-BF4B-00C04F79EFBC}") = "MercuryHEalth.CodedUITests", "MercuryHEalth.CodedUITests\MercuryHEalth.CodedUITests.csproj", "{48FC04D2-595D-4807-B50B-01B9900CD038}"
EndProject
Project("{151D2E53-A2C4-4D7D-83FE-D05416EBD58E}") = "MercuryHealth.Infr", "MercuryHealth.Infr\MercuryHealth.Infr.deployproj", "{2AFDE914-1CAC-4BFB-A622-191F3DA102EA}"
EndProject
Global
	GlobalSection(SolutionConfigurationPlatforms) = preSolution
		Ad-Hoc|Any CPU = Ad-Hoc|Any CPU
		Ad-Hoc|ARM = Ad-Hoc|ARM
		Ad-Hoc|iPhone = Ad-Hoc|iPhone
		Ad-Hoc|iPhoneSimulator = Ad-Hoc|iPhoneSimulator
		Ad-Hoc|x64 = Ad-Hoc|x64
		Ad-Hoc|x86 = Ad-Hoc|x86
		AppStore|Any CPU = AppStore|Any CPU
		AppStore|ARM = AppStore|ARM
		AppStore|iPhone = AppStore|iPhone
		AppStore|iPhoneSimulator = AppStore|iPhoneSimulator
		AppStore|x64 = AppStore|x64
		AppStore|x86 = AppStore|x86
		Debug|Any CPU = Debug|Any CPU
		Debug|ARM = Debug|ARM
		Debug|iPhone = Debug|iPhone
		Debug|iPhoneSimulator = Debug|iPhoneSimulator
		Debug|x64 = Debug|x64
		Debug|x86 = Debug|x86
		Release|Any CPU = Release|Any CPU
		Release|ARM = Release|ARM
		Release|iPhone = Release|iPhone
		Release|iPhoneSimulator = Release|iPhoneSimulator
		Release|x64 = Release|x64
		Release|x86 = Release|x86
	EndGlobalSection
	GlobalSection(ProjectConfigurationPlatforms) = postSolution
		{A051EB19-EA83-4FF9-A5B2-205D4BE48718}.Ad-Hoc|Any CPU.ActiveCfg = Release|Any CPU
		{A051EB19-EA83-4FF9-A5B2-205D4BE48718}.Ad-Hoc|Any CPU.Build.0 = Release|Any CPU
		{A051EB19-EA83-4FF9-A5B2-205D4BE48718}.Ad-Hoc|Any CPU.Deploy.0 = Release|Any CPU
		{A051EB19-EA83-4FF9-A5B2-205D4BE48718}.Ad-Hoc|ARM.ActiveCfg = Release|Any CPU
		{A051EB19-EA83-4FF9-A5B2-205D4BE48718}.Ad-Hoc|ARM.Build.0 = Release|Any CPU
		{A051EB19-EA83-4FF9-A5B2-205D4BE48718}.Ad-Hoc|ARM.Deploy.0 = Release|Any CPU
		{A051EB19-EA83-4FF9-A5B2-205D4BE48718}.Ad-Hoc|iPhone.ActiveCfg = Release|Any CPU
		{A051EB19-EA83-4FF9-A5B2-205D4BE48718}.Ad-Hoc|iPhone.Build.0 = Release|Any CPU
		{A051EB19-EA83-4FF9-A5B2-205D4BE48718}.Ad-Hoc|iPhone.Deploy.0 = Release|Any CPU
		{A051EB19-EA83-4FF9-A5B2-205D4BE48718}.Ad-Hoc|iPhoneSimulator.ActiveCfg = Release|Any CPU
		{A051EB19-EA83-4FF9-A5B2-205D4BE48718}.Ad-Hoc|iPhoneSimulator.Build.0 = Release|Any CPU
		{A051EB19-EA83-4FF9-A5B2-205D4BE48718}.Ad-Hoc|iPhoneSimulator.Deploy.0 = Release|Any CPU
		{A051EB19-EA83-4FF9-A5B2-205D4BE48718}.Ad-Hoc|x64.ActiveCfg = Release|Any CPU
		{A051EB19-EA83-4FF9-A5B2-205D4BE48718}.Ad-Hoc|x64.Build.0 = Release|Any CPU
		{A051EB19-EA83-4FF9-A5B2-205D4BE48718}.Ad-Hoc|x64.Deploy.0 = Release|Any CPU
		{A051EB19-EA83-4FF9-A5B2-205D4BE48718}.Ad-Hoc|x86.ActiveCfg = Release|Any CPU
		{A051EB19-EA83-4FF9-A5B2-205D4BE48718}.Ad-Hoc|x86.Build.0 = Release|Any CPU
		{A051EB19-EA83-4FF9-A5B2-205D4BE48718}.Ad-Hoc|x86.Deploy.0 = Release|Any CPU
		{A051EB19-EA83-4FF9-A5B2-205D4BE48718}.AppStore|Any CPU.ActiveCfg = Release|Any CPU
		{A051EB19-EA83-4FF9-A5B2-205D4BE48718}.AppStore|Any CPU.Build.0 = Release|Any CPU
		{A051EB19-EA83-4FF9-A5B2-205D4BE48718}.AppStore|Any CPU.Deploy.0 = Release|Any CPU
		{A051EB19-EA83-4FF9-A5B2-205D4BE48718}.AppStore|ARM.ActiveCfg = Release|Any CPU
		{A051EB19-EA83-4FF9-A5B2-205D4BE48718}.AppStore|ARM.Build.0 = Release|Any CPU
		{A051EB19-EA83-4FF9-A5B2-205D4BE48718}.AppStore|ARM.Deploy.0 = Release|Any CPU
		{A051EB19-EA83-4FF9-A5B2-205D4BE48718}.AppStore|iPhone.ActiveCfg = Release|Any CPU
		{A051EB19-EA83-4FF9-A5B2-205D4BE48718}.AppStore|iPhone.Build.0 = Release|Any CPU
		{A051EB19-EA83-4FF9-A5B2-205D4BE48718}.AppStore|iPhone.Deploy.0 = Release|Any CPU
		{A051EB19-EA83-4FF9-A5B2-205D4BE48718}.AppStore|iPhoneSimulator.ActiveCfg = Release|Any CPU
		{A051EB19-EA83-4FF9-A5B2-205D4BE48718}.AppStore|iPhoneSimulator.Build.0 = Release|Any CPU
		{A051EB19-EA83-4FF9-A5B2-205D4BE48718}.AppStore|iPhoneSimulator.Deploy.0 = Release|Any CPU
		{A051EB19-EA83-4FF9-A5B2-205D4BE48718}.AppStore|x64.ActiveCfg = Release|Any CPU
		{A051EB19-EA83-4FF9-A5B2-205D4BE48718}.AppStore|x64.Build.0 = Release|Any CPU
		{A051EB19-EA83-4FF9-A5B2-205D4BE48718}.AppStore|x64.Deploy.0 = Release|Any CPU
		{A051EB19-EA83-4FF9-A5B2-205D4BE48718}.AppStore|x86.ActiveCfg = Release|Any CPU
		{A051EB19-EA83-4FF9-A5B2-205D4BE48718}.AppStore|x86.Build.0 = Release|Any CPU
		{A051EB19-EA83-4FF9-A5B2-205D4BE48718}.AppStore|x86.Deploy.0 = Release|Any CPU
		{A051EB19-EA83-4FF9-A5B2-205D4BE48718}.Debug|Any CPU.ActiveCfg = Debug|Any CPU
		{A051EB19-EA83-4FF9-A5B2-205D4BE48718}.Debug|Any CPU.Build.0 = Debug|Any CPU
		{A051EB19-EA83-4FF9-A5B2-205D4BE48718}.Debug|Any CPU.Deploy.0 = Debug|Any CPU
		{A051EB19-EA83-4FF9-A5B2-205D4BE48718}.Debug|ARM.ActiveCfg = Debug|Any CPU
		{A051EB19-EA83-4FF9-A5B2-205D4BE48718}.Debug|ARM.Build.0 = Debug|Any CPU
		{A051EB19-EA83-4FF9-A5B2-205D4BE48718}.Debug|ARM.Deploy.0 = Debug|Any CPU
		{A051EB19-EA83-4FF9-A5B2-205D4BE48718}.Debug|iPhone.ActiveCfg = Debug|Any CPU
		{A051EB19-EA83-4FF9-A5B2-205D4BE48718}.Debug|iPhone.Build.0 = Debug|Any CPU
		{A051EB19-EA83-4FF9-A5B2-205D4BE48718}.Debug|iPhone.Deploy.0 = Debug|Any CPU
		{A051EB19-EA83-4FF9-A5B2-205D4BE48718}.Debug|iPhoneSimulator.ActiveCfg = Debug|Any CPU
		{A051EB19-EA83-4FF9-A5B2-205D4BE48718}.Debug|iPhoneSimulator.Build.0 = Debug|Any CPU
		{A051EB19-EA83-4FF9-A5B2-205D4BE48718}.Debug|iPhoneSimulator.Deploy.0 = Debug|Any CPU
		{A051EB19-EA83-4FF9-A5B2-205D4BE48718}.Debug|x64.ActiveCfg = Debug|Any CPU
		{A051EB19-EA83-4FF9-A5B2-205D4BE48718}.Debug|x64.Build.0 = Debug|Any CPU
		{A051EB19-EA83-4FF9-A5B2-205D4BE48718}.Debug|x64.Deploy.0 = Debug|Any CPU
		{A051EB19-EA83-4FF9-A5B2-205D4BE48718}.Debug|x86.ActiveCfg = Debug|Any CPU
		{A051EB19-EA83-4FF9-A5B2-205D4BE48718}.Debug|x86.Build.0 = Debug|Any CPU
		{A051EB19-EA83-4FF9-A5B2-205D4BE48718}.Debug|x86.Deploy.0 = Debug|Any CPU
		{A051EB19-EA83-4FF9-A5B2-205D4BE48718}.Release|Any CPU.ActiveCfg = Release|Any CPU
		{A051EB19-EA83-4FF9-A5B2-205D4BE48718}.Release|Any CPU.Build.0 = Release|Any CPU
		{A051EB19-EA83-4FF9-A5B2-205D4BE48718}.Release|Any CPU.Deploy.0 = Release|Any CPU
		{A051EB19-EA83-4FF9-A5B2-205D4BE48718}.Release|ARM.ActiveCfg = Release|Any CPU
		{A051EB19-EA83-4FF9-A5B2-205D4BE48718}.Release|ARM.Build.0 = Release|Any CPU
		{A051EB19-EA83-4FF9-A5B2-205D4BE48718}.Release|ARM.Deploy.0 = Release|Any CPU
		{A051EB19-EA83-4FF9-A5B2-205D4BE48718}.Release|iPhone.ActiveCfg = Release|Any CPU
		{A051EB19-EA83-4FF9-A5B2-205D4BE48718}.Release|iPhone.Build.0 = Release|Any CPU
		{A051EB19-EA83-4FF9-A5B2-205D4BE48718}.Release|iPhone.Deploy.0 = Release|Any CPU
		{A051EB19-EA83-4FF9-A5B2-205D4BE48718}.Release|iPhoneSimulator.ActiveCfg = Release|Any CPU
		{A051EB19-EA83-4FF9-A5B2-205D4BE48718}.Release|iPhoneSimulator.Build.0 = Release|Any CPU
		{A051EB19-EA83-4FF9-A5B2-205D4BE48718}.Release|iPhoneSimulator.Deploy.0 = Release|Any CPU
		{A051EB19-EA83-4FF9-A5B2-205D4BE48718}.Release|x64.ActiveCfg = Release|Any CPU
		{A051EB19-EA83-4FF9-A5B2-205D4BE48718}.Release|x64.Build.0 = Release|Any CPU
		{A051EB19-EA83-4FF9-A5B2-205D4BE48718}.Release|x64.Deploy.0 = Release|Any CPU
		{A051EB19-EA83-4FF9-A5B2-205D4BE48718}.Release|x86.ActiveCfg = Release|Any CPU
		{A051EB19-EA83-4FF9-A5B2-205D4BE48718}.Release|x86.Build.0 = Release|Any CPU
		{A051EB19-EA83-4FF9-A5B2-205D4BE48718}.Release|x86.Deploy.0 = Release|Any CPU
		{D07F10B5-8285-434E-845D-CB0F3A3F49D1}.Ad-Hoc|Any CPU.ActiveCfg = Release|Any CPU
		{D07F10B5-8285-434E-845D-CB0F3A3F49D1}.Ad-Hoc|Any CPU.Build.0 = Release|Any CPU
		{D07F10B5-8285-434E-845D-CB0F3A3F49D1}.Ad-Hoc|ARM.ActiveCfg = Release|Any CPU
		{D07F10B5-8285-434E-845D-CB0F3A3F49D1}.Ad-Hoc|ARM.Build.0 = Release|Any CPU
		{D07F10B5-8285-434E-845D-CB0F3A3F49D1}.Ad-Hoc|iPhone.ActiveCfg = Release|Any CPU
		{D07F10B5-8285-434E-845D-CB0F3A3F49D1}.Ad-Hoc|iPhone.Build.0 = Release|Any CPU
		{D07F10B5-8285-434E-845D-CB0F3A3F49D1}.Ad-Hoc|iPhoneSimulator.ActiveCfg = Release|Any CPU
		{D07F10B5-8285-434E-845D-CB0F3A3F49D1}.Ad-Hoc|iPhoneSimulator.Build.0 = Release|Any CPU
		{D07F10B5-8285-434E-845D-CB0F3A3F49D1}.Ad-Hoc|x64.ActiveCfg = Release|Any CPU
		{D07F10B5-8285-434E-845D-CB0F3A3F49D1}.Ad-Hoc|x64.Build.0 = Release|Any CPU
		{D07F10B5-8285-434E-845D-CB0F3A3F49D1}.Ad-Hoc|x86.ActiveCfg = Release|Any CPU
		{D07F10B5-8285-434E-845D-CB0F3A3F49D1}.Ad-Hoc|x86.Build.0 = Release|Any CPU
		{D07F10B5-8285-434E-845D-CB0F3A3F49D1}.AppStore|Any CPU.ActiveCfg = Release|Any CPU
		{D07F10B5-8285-434E-845D-CB0F3A3F49D1}.AppStore|Any CPU.Build.0 = Release|Any CPU
		{D07F10B5-8285-434E-845D-CB0F3A3F49D1}.AppStore|ARM.ActiveCfg = Release|Any CPU
		{D07F10B5-8285-434E-845D-CB0F3A3F49D1}.AppStore|ARM.Build.0 = Release|Any CPU
		{D07F10B5-8285-434E-845D-CB0F3A3F49D1}.AppStore|iPhone.ActiveCfg = Release|Any CPU
		{D07F10B5-8285-434E-845D-CB0F3A3F49D1}.AppStore|iPhone.Build.0 = Release|Any CPU
		{D07F10B5-8285-434E-845D-CB0F3A3F49D1}.AppStore|iPhoneSimulator.ActiveCfg = Release|Any CPU
		{D07F10B5-8285-434E-845D-CB0F3A3F49D1}.AppStore|iPhoneSimulator.Build.0 = Release|Any CPU
		{D07F10B5-8285-434E-845D-CB0F3A3F49D1}.AppStore|x64.ActiveCfg = Release|Any CPU
		{D07F10B5-8285-434E-845D-CB0F3A3F49D1}.AppStore|x64.Build.0 = Release|Any CPU
		{D07F10B5-8285-434E-845D-CB0F3A3F49D1}.AppStore|x86.ActiveCfg = Release|Any CPU
		{D07F10B5-8285-434E-845D-CB0F3A3F49D1}.AppStore|x86.Build.0 = Release|Any CPU
		{D07F10B5-8285-434E-845D-CB0F3A3F49D1}.Debug|Any CPU.ActiveCfg = Debug|Any CPU
		{D07F10B5-8285-434E-845D-CB0F3A3F49D1}.Debug|Any CPU.Build.0 = Debug|Any CPU
		{D07F10B5-8285-434E-845D-CB0F3A3F49D1}.Debug|ARM.ActiveCfg = Debug|Any CPU
		{D07F10B5-8285-434E-845D-CB0F3A3F49D1}.Debug|ARM.Build.0 = Debug|Any CPU
		{D07F10B5-8285-434E-845D-CB0F3A3F49D1}.Debug|iPhone.ActiveCfg = Debug|Any CPU
		{D07F10B5-8285-434E-845D-CB0F3A3F49D1}.Debug|iPhone.Build.0 = Debug|Any CPU
		{D07F10B5-8285-434E-845D-CB0F3A3F49D1}.Debug|iPhoneSimulator.ActiveCfg = Debug|Any CPU
		{D07F10B5-8285-434E-845D-CB0F3A3F49D1}.Debug|iPhoneSimulator.Build.0 = Debug|Any CPU
		{D07F10B5-8285-434E-845D-CB0F3A3F49D1}.Debug|x64.ActiveCfg = Debug|Any CPU
		{D07F10B5-8285-434E-845D-CB0F3A3F49D1}.Debug|x64.Build.0 = Debug|Any CPU
		{D07F10B5-8285-434E-845D-CB0F3A3F49D1}.Debug|x86.ActiveCfg = Debug|Any CPU
		{D07F10B5-8285-434E-845D-CB0F3A3F49D1}.Debug|x86.Build.0 = Debug|Any CPU
		{D07F10B5-8285-434E-845D-CB0F3A3F49D1}.Release|Any CPU.ActiveCfg = Release|Any CPU
		{D07F10B5-8285-434E-845D-CB0F3A3F49D1}.Release|Any CPU.Build.0 = Release|Any CPU
		{D07F10B5-8285-434E-845D-CB0F3A3F49D1}.Release|ARM.ActiveCfg = Release|Any CPU
		{D07F10B5-8285-434E-845D-CB0F3A3F49D1}.Release|ARM.Build.0 = Release|Any CPU
		{D07F10B5-8285-434E-845D-CB0F3A3F49D1}.Release|iPhone.ActiveCfg = Release|Any CPU
		{D07F10B5-8285-434E-845D-CB0F3A3F49D1}.Release|iPhone.Build.0 = Release|Any CPU
		{D07F10B5-8285-434E-845D-CB0F3A3F49D1}.Release|iPhoneSimulator.ActiveCfg = Release|Any CPU
		{D07F10B5-8285-434E-845D-CB0F3A3F49D1}.Release|iPhoneSimulator.Build.0 = Release|Any CPU
		{D07F10B5-8285-434E-845D-CB0F3A3F49D1}.Release|x64.ActiveCfg = Release|Any CPU
		{D07F10B5-8285-434E-845D-CB0F3A3F49D1}.Release|x64.Build.0 = Release|Any CPU
		{D07F10B5-8285-434E-845D-CB0F3A3F49D1}.Release|x86.ActiveCfg = Release|Any CPU
		{D07F10B5-8285-434E-845D-CB0F3A3F49D1}.Release|x86.Build.0 = Release|Any CPU
		{9AC33941-0C79-46CC-8C35-9A3B1EAB2C54}.Ad-Hoc|Any CPU.ActiveCfg = Release|Any CPU
		{9AC33941-0C79-46CC-8C35-9A3B1EAB2C54}.Ad-Hoc|Any CPU.Build.0 = Release|Any CPU
		{9AC33941-0C79-46CC-8C35-9A3B1EAB2C54}.Ad-Hoc|ARM.ActiveCfg = Release|Any CPU
		{9AC33941-0C79-46CC-8C35-9A3B1EAB2C54}.Ad-Hoc|ARM.Build.0 = Release|Any CPU
		{9AC33941-0C79-46CC-8C35-9A3B1EAB2C54}.Ad-Hoc|iPhone.ActiveCfg = Release|Any CPU
		{9AC33941-0C79-46CC-8C35-9A3B1EAB2C54}.Ad-Hoc|iPhone.Build.0 = Release|Any CPU
		{9AC33941-0C79-46CC-8C35-9A3B1EAB2C54}.Ad-Hoc|iPhoneSimulator.ActiveCfg = Release|Any CPU
		{9AC33941-0C79-46CC-8C35-9A3B1EAB2C54}.Ad-Hoc|iPhoneSimulator.Build.0 = Release|Any CPU
		{9AC33941-0C79-46CC-8C35-9A3B1EAB2C54}.Ad-Hoc|x64.ActiveCfg = Release|Any CPU
		{9AC33941-0C79-46CC-8C35-9A3B1EAB2C54}.Ad-Hoc|x64.Build.0 = Release|Any CPU
		{9AC33941-0C79-46CC-8C35-9A3B1EAB2C54}.Ad-Hoc|x86.ActiveCfg = Release|Any CPU
		{9AC33941-0C79-46CC-8C35-9A3B1EAB2C54}.Ad-Hoc|x86.Build.0 = Release|Any CPU
		{9AC33941-0C79-46CC-8C35-9A3B1EAB2C54}.AppStore|Any CPU.ActiveCfg = Release|Any CPU
		{9AC33941-0C79-46CC-8C35-9A3B1EAB2C54}.AppStore|Any CPU.Build.0 = Release|Any CPU
		{9AC33941-0C79-46CC-8C35-9A3B1EAB2C54}.AppStore|ARM.ActiveCfg = Release|Any CPU
		{9AC33941-0C79-46CC-8C35-9A3B1EAB2C54}.AppStore|ARM.Build.0 = Release|Any CPU
		{9AC33941-0C79-46CC-8C35-9A3B1EAB2C54}.AppStore|iPhone.ActiveCfg = Release|Any CPU
		{9AC33941-0C79-46CC-8C35-9A3B1EAB2C54}.AppStore|iPhone.Build.0 = Release|Any CPU
		{9AC33941-0C79-46CC-8C35-9A3B1EAB2C54}.AppStore|iPhoneSimulator.ActiveCfg = Release|Any CPU
		{9AC33941-0C79-46CC-8C35-9A3B1EAB2C54}.AppStore|iPhoneSimulator.Build.0 = Release|Any CPU
		{9AC33941-0C79-46CC-8C35-9A3B1EAB2C54}.AppStore|x64.ActiveCfg = Release|Any CPU
		{9AC33941-0C79-46CC-8C35-9A3B1EAB2C54}.AppStore|x64.Build.0 = Release|Any CPU
		{9AC33941-0C79-46CC-8C35-9A3B1EAB2C54}.AppStore|x86.ActiveCfg = Release|Any CPU
		{9AC33941-0C79-46CC-8C35-9A3B1EAB2C54}.AppStore|x86.Build.0 = Release|Any CPU
		{9AC33941-0C79-46CC-8C35-9A3B1EAB2C54}.Debug|Any CPU.ActiveCfg = Debug|Any CPU
		{9AC33941-0C79-46CC-8C35-9A3B1EAB2C54}.Debug|Any CPU.Build.0 = Debug|Any CPU
		{9AC33941-0C79-46CC-8C35-9A3B1EAB2C54}.Debug|ARM.ActiveCfg = Debug|Any CPU
		{9AC33941-0C79-46CC-8C35-9A3B1EAB2C54}.Debug|ARM.Build.0 = Debug|Any CPU
		{9AC33941-0C79-46CC-8C35-9A3B1EAB2C54}.Debug|iPhone.ActiveCfg = Debug|Any CPU
		{9AC33941-0C79-46CC-8C35-9A3B1EAB2C54}.Debug|iPhone.Build.0 = Debug|Any CPU
		{9AC33941-0C79-46CC-8C35-9A3B1EAB2C54}.Debug|iPhoneSimulator.ActiveCfg = Debug|Any CPU
		{9AC33941-0C79-46CC-8C35-9A3B1EAB2C54}.Debug|iPhoneSimulator.Build.0 = Debug|Any CPU
		{9AC33941-0C79-46CC-8C35-9A3B1EAB2C54}.Debug|x64.ActiveCfg = Debug|Any CPU
		{9AC33941-0C79-46CC-8C35-9A3B1EAB2C54}.Debug|x64.Build.0 = Debug|Any CPU
		{9AC33941-0C79-46CC-8C35-9A3B1EAB2C54}.Debug|x86.ActiveCfg = Debug|Any CPU
		{9AC33941-0C79-46CC-8C35-9A3B1EAB2C54}.Debug|x86.Build.0 = Debug|Any CPU
		{9AC33941-0C79-46CC-8C35-9A3B1EAB2C54}.Release|Any CPU.ActiveCfg = Release|Any CPU
		{9AC33941-0C79-46CC-8C35-9A3B1EAB2C54}.Release|Any CPU.Build.0 = Release|Any CPU
		{9AC33941-0C79-46CC-8C35-9A3B1EAB2C54}.Release|ARM.ActiveCfg = Release|Any CPU
		{9AC33941-0C79-46CC-8C35-9A3B1EAB2C54}.Release|ARM.Build.0 = Release|Any CPU
		{9AC33941-0C79-46CC-8C35-9A3B1EAB2C54}.Release|iPhone.ActiveCfg = Release|Any CPU
		{9AC33941-0C79-46CC-8C35-9A3B1EAB2C54}.Release|iPhone.Build.0 = Release|Any CPU
		{9AC33941-0C79-46CC-8C35-9A3B1EAB2C54}.Release|iPhoneSimulator.ActiveCfg = Release|Any CPU
		{9AC33941-0C79-46CC-8C35-9A3B1EAB2C54}.Release|iPhoneSimulator.Build.0 = Release|Any CPU
		{9AC33941-0C79-46CC-8C35-9A3B1EAB2C54}.Release|x64.ActiveCfg = Release|Any CPU
		{9AC33941-0C79-46CC-8C35-9A3B1EAB2C54}.Release|x64.Build.0 = Release|Any CPU
		{9AC33941-0C79-46CC-8C35-9A3B1EAB2C54}.Release|x86.ActiveCfg = Release|Any CPU
		{9AC33941-0C79-46CC-8C35-9A3B1EAB2C54}.Release|x86.Build.0 = Release|Any CPU
		{00050800-640D-47F0-A745-8759842A5059}.Ad-Hoc|Any CPU.ActiveCfg = Release|Any CPU
		{00050800-640D-47F0-A745-8759842A5059}.Ad-Hoc|Any CPU.Build.0 = Release|Any CPU
		{00050800-640D-47F0-A745-8759842A5059}.Ad-Hoc|ARM.ActiveCfg = Release|Any CPU
		{00050800-640D-47F0-A745-8759842A5059}.Ad-Hoc|ARM.Build.0 = Release|Any CPU
		{00050800-640D-47F0-A745-8759842A5059}.Ad-Hoc|iPhone.ActiveCfg = Release|Any CPU
		{00050800-640D-47F0-A745-8759842A5059}.Ad-Hoc|iPhone.Build.0 = Release|Any CPU
		{00050800-640D-47F0-A745-8759842A5059}.Ad-Hoc|iPhoneSimulator.ActiveCfg = Release|Any CPU
		{00050800-640D-47F0-A745-8759842A5059}.Ad-Hoc|iPhoneSimulator.Build.0 = Release|Any CPU
		{00050800-640D-47F0-A745-8759842A5059}.Ad-Hoc|x64.ActiveCfg = Release|Any CPU
		{00050800-640D-47F0-A745-8759842A5059}.Ad-Hoc|x64.Build.0 = Release|Any CPU
		{00050800-640D-47F0-A745-8759842A5059}.Ad-Hoc|x86.ActiveCfg = Release|Any CPU
		{00050800-640D-47F0-A745-8759842A5059}.Ad-Hoc|x86.Build.0 = Release|Any CPU
		{00050800-640D-47F0-A745-8759842A5059}.AppStore|Any CPU.ActiveCfg = Release|Any CPU
		{00050800-640D-47F0-A745-8759842A5059}.AppStore|Any CPU.Build.0 = Release|Any CPU
		{00050800-640D-47F0-A745-8759842A5059}.AppStore|ARM.ActiveCfg = Release|Any CPU
		{00050800-640D-47F0-A745-8759842A5059}.AppStore|ARM.Build.0 = Release|Any CPU
		{00050800-640D-47F0-A745-8759842A5059}.AppStore|iPhone.ActiveCfg = Release|Any CPU
		{00050800-640D-47F0-A745-8759842A5059}.AppStore|iPhone.Build.0 = Release|Any CPU
		{00050800-640D-47F0-A745-8759842A5059}.AppStore|iPhoneSimulator.ActiveCfg = Release|Any CPU
		{00050800-640D-47F0-A745-8759842A5059}.AppStore|iPhoneSimulator.Build.0 = Release|Any CPU
		{00050800-640D-47F0-A745-8759842A5059}.AppStore|x64.ActiveCfg = Release|Any CPU
		{00050800-640D-47F0-A745-8759842A5059}.AppStore|x64.Build.0 = Release|Any CPU
		{00050800-640D-47F0-A745-8759842A5059}.AppStore|x86.ActiveCfg = Release|Any CPU
		{00050800-640D-47F0-A745-8759842A5059}.AppStore|x86.Build.0 = Release|Any CPU
		{00050800-640D-47F0-A745-8759842A5059}.Debug|Any CPU.ActiveCfg = Debug|Any CPU
		{00050800-640D-47F0-A745-8759842A5059}.Debug|Any CPU.Build.0 = Debug|Any CPU
		{00050800-640D-47F0-A745-8759842A5059}.Debug|ARM.ActiveCfg = Debug|Any CPU
		{00050800-640D-47F0-A745-8759842A5059}.Debug|ARM.Build.0 = Debug|Any CPU
		{00050800-640D-47F0-A745-8759842A5059}.Debug|iPhone.ActiveCfg = Debug|Any CPU
		{00050800-640D-47F0-A745-8759842A5059}.Debug|iPhone.Build.0 = Debug|Any CPU
		{00050800-640D-47F0-A745-8759842A5059}.Debug|iPhoneSimulator.ActiveCfg = Debug|Any CPU
		{00050800-640D-47F0-A745-8759842A5059}.Debug|iPhoneSimulator.Build.0 = Debug|Any CPU
		{00050800-640D-47F0-A745-8759842A5059}.Debug|x64.ActiveCfg = Debug|Any CPU
		{00050800-640D-47F0-A745-8759842A5059}.Debug|x64.Build.0 = Debug|Any CPU
		{00050800-640D-47F0-A745-8759842A5059}.Debug|x86.ActiveCfg = Debug|Any CPU
		{00050800-640D-47F0-A745-8759842A5059}.Debug|x86.Build.0 = Debug|Any CPU
		{00050800-640D-47F0-A745-8759842A5059}.Release|Any CPU.ActiveCfg = Release|Any CPU
		{00050800-640D-47F0-A745-8759842A5059}.Release|Any CPU.Build.0 = Release|Any CPU
		{00050800-640D-47F0-A745-8759842A5059}.Release|ARM.ActiveCfg = Release|Any CPU
		{00050800-640D-47F0-A745-8759842A5059}.Release|ARM.Build.0 = Release|Any CPU
		{00050800-640D-47F0-A745-8759842A5059}.Release|iPhone.ActiveCfg = Release|Any CPU
		{00050800-640D-47F0-A745-8759842A5059}.Release|iPhone.Build.0 = Release|Any CPU
		{00050800-640D-47F0-A745-8759842A5059}.Release|iPhoneSimulator.ActiveCfg = Release|Any CPU
		{00050800-640D-47F0-A745-8759842A5059}.Release|iPhoneSimulator.Build.0 = Release|Any CPU
		{00050800-640D-47F0-A745-8759842A5059}.Release|x64.ActiveCfg = Release|Any CPU
		{00050800-640D-47F0-A745-8759842A5059}.Release|x64.Build.0 = Release|Any CPU
		{00050800-640D-47F0-A745-8759842A5059}.Release|x86.ActiveCfg = Release|Any CPU
		{00050800-640D-47F0-A745-8759842A5059}.Release|x86.Build.0 = Release|Any CPU
		{F8591E8E-9009-4000-84A9-96B258F28D76}.Ad-Hoc|Any CPU.ActiveCfg = Release|Any CPU
		{F8591E8E-9009-4000-84A9-96B258F28D76}.Ad-Hoc|Any CPU.Build.0 = Release|Any CPU
		{F8591E8E-9009-4000-84A9-96B258F28D76}.Ad-Hoc|ARM.ActiveCfg = Release|Any CPU
		{F8591E8E-9009-4000-84A9-96B258F28D76}.Ad-Hoc|ARM.Build.0 = Release|Any CPU
		{F8591E8E-9009-4000-84A9-96B258F28D76}.Ad-Hoc|iPhone.ActiveCfg = Release|Any CPU
		{F8591E8E-9009-4000-84A9-96B258F28D76}.Ad-Hoc|iPhone.Build.0 = Release|Any CPU
		{F8591E8E-9009-4000-84A9-96B258F28D76}.Ad-Hoc|iPhoneSimulator.ActiveCfg = Release|Any CPU
		{F8591E8E-9009-4000-84A9-96B258F28D76}.Ad-Hoc|iPhoneSimulator.Build.0 = Release|Any CPU
		{F8591E8E-9009-4000-84A9-96B258F28D76}.Ad-Hoc|x64.ActiveCfg = Release|Any CPU
		{F8591E8E-9009-4000-84A9-96B258F28D76}.Ad-Hoc|x64.Build.0 = Release|Any CPU
		{F8591E8E-9009-4000-84A9-96B258F28D76}.Ad-Hoc|x86.ActiveCfg = Release|Any CPU
		{F8591E8E-9009-4000-84A9-96B258F28D76}.Ad-Hoc|x86.Build.0 = Release|Any CPU
		{F8591E8E-9009-4000-84A9-96B258F28D76}.AppStore|Any CPU.ActiveCfg = Release|Any CPU
		{F8591E8E-9009-4000-84A9-96B258F28D76}.AppStore|Any CPU.Build.0 = Release|Any CPU
		{F8591E8E-9009-4000-84A9-96B258F28D76}.AppStore|ARM.ActiveCfg = Release|Any CPU
		{F8591E8E-9009-4000-84A9-96B258F28D76}.AppStore|ARM.Build.0 = Release|Any CPU
		{F8591E8E-9009-4000-84A9-96B258F28D76}.AppStore|iPhone.ActiveCfg = Release|Any CPU
		{F8591E8E-9009-4000-84A9-96B258F28D76}.AppStore|iPhone.Build.0 = Release|Any CPU
		{F8591E8E-9009-4000-84A9-96B258F28D76}.AppStore|iPhoneSimulator.ActiveCfg = Release|Any CPU
		{F8591E8E-9009-4000-84A9-96B258F28D76}.AppStore|iPhoneSimulator.Build.0 = Release|Any CPU
		{F8591E8E-9009-4000-84A9-96B258F28D76}.AppStore|x64.ActiveCfg = Release|Any CPU
		{F8591E8E-9009-4000-84A9-96B258F28D76}.AppStore|x64.Build.0 = Release|Any CPU
		{F8591E8E-9009-4000-84A9-96B258F28D76}.AppStore|x86.ActiveCfg = Release|Any CPU
		{F8591E8E-9009-4000-84A9-96B258F28D76}.AppStore|x86.Build.0 = Release|Any CPU
		{F8591E8E-9009-4000-84A9-96B258F28D76}.Debug|Any CPU.ActiveCfg = Debug|Any CPU
		{F8591E8E-9009-4000-84A9-96B258F28D76}.Debug|Any CPU.Build.0 = Debug|Any CPU
		{F8591E8E-9009-4000-84A9-96B258F28D76}.Debug|ARM.ActiveCfg = Debug|Any CPU
		{F8591E8E-9009-4000-84A9-96B258F28D76}.Debug|ARM.Build.0 = Debug|Any CPU
		{F8591E8E-9009-4000-84A9-96B258F28D76}.Debug|iPhone.ActiveCfg = Debug|Any CPU
		{F8591E8E-9009-4000-84A9-96B258F28D76}.Debug|iPhone.Build.0 = Debug|Any CPU
		{F8591E8E-9009-4000-84A9-96B258F28D76}.Debug|iPhoneSimulator.ActiveCfg = Debug|Any CPU
		{F8591E8E-9009-4000-84A9-96B258F28D76}.Debug|iPhoneSimulator.Build.0 = Debug|Any CPU
		{F8591E8E-9009-4000-84A9-96B258F28D76}.Debug|x64.ActiveCfg = Debug|Any CPU
		{F8591E8E-9009-4000-84A9-96B258F28D76}.Debug|x64.Build.0 = Debug|Any CPU
		{F8591E8E-9009-4000-84A9-96B258F28D76}.Debug|x86.ActiveCfg = Debug|Any CPU
		{F8591E8E-9009-4000-84A9-96B258F28D76}.Debug|x86.Build.0 = Debug|Any CPU
		{F8591E8E-9009-4000-84A9-96B258F28D76}.Release|Any CPU.ActiveCfg = Release|Any CPU
		{F8591E8E-9009-4000-84A9-96B258F28D76}.Release|Any CPU.Build.0 = Release|Any CPU
		{F8591E8E-9009-4000-84A9-96B258F28D76}.Release|ARM.ActiveCfg = Release|Any CPU
		{F8591E8E-9009-4000-84A9-96B258F28D76}.Release|ARM.Build.0 = Release|Any CPU
		{F8591E8E-9009-4000-84A9-96B258F28D76}.Release|iPhone.ActiveCfg = Release|Any CPU
		{F8591E8E-9009-4000-84A9-96B258F28D76}.Release|iPhone.Build.0 = Release|Any CPU
		{F8591E8E-9009-4000-84A9-96B258F28D76}.Release|iPhoneSimulator.ActiveCfg = Release|Any CPU
		{F8591E8E-9009-4000-84A9-96B258F28D76}.Release|iPhoneSimulator.Build.0 = Release|Any CPU
		{F8591E8E-9009-4000-84A9-96B258F28D76}.Release|x64.ActiveCfg = Release|Any CPU
		{F8591E8E-9009-4000-84A9-96B258F28D76}.Release|x64.Build.0 = Release|Any CPU
		{F8591E8E-9009-4000-84A9-96B258F28D76}.Release|x86.ActiveCfg = Release|Any CPU
		{F8591E8E-9009-4000-84A9-96B258F28D76}.Release|x86.Build.0 = Release|Any CPU
		{9ED2913B-2982-46D1-8E46-8622BFC90640}.Ad-Hoc|Any CPU.ActiveCfg = Release|Any CPU
		{9ED2913B-2982-46D1-8E46-8622BFC90640}.Ad-Hoc|Any CPU.Build.0 = Release|Any CPU
		{9ED2913B-2982-46D1-8E46-8622BFC90640}.Ad-Hoc|ARM.ActiveCfg = Release|Any CPU
		{9ED2913B-2982-46D1-8E46-8622BFC90640}.Ad-Hoc|ARM.Build.0 = Release|Any CPU
		{9ED2913B-2982-46D1-8E46-8622BFC90640}.Ad-Hoc|iPhone.ActiveCfg = Release|Any CPU
		{9ED2913B-2982-46D1-8E46-8622BFC90640}.Ad-Hoc|iPhone.Build.0 = Release|Any CPU
		{9ED2913B-2982-46D1-8E46-8622BFC90640}.Ad-Hoc|iPhoneSimulator.ActiveCfg = Release|Any CPU
		{9ED2913B-2982-46D1-8E46-8622BFC90640}.Ad-Hoc|iPhoneSimulator.Build.0 = Release|Any CPU
		{9ED2913B-2982-46D1-8E46-8622BFC90640}.Ad-Hoc|x64.ActiveCfg = Release|Any CPU
		{9ED2913B-2982-46D1-8E46-8622BFC90640}.Ad-Hoc|x64.Build.0 = Release|Any CPU
		{9ED2913B-2982-46D1-8E46-8622BFC90640}.Ad-Hoc|x86.ActiveCfg = Release|Any CPU
		{9ED2913B-2982-46D1-8E46-8622BFC90640}.Ad-Hoc|x86.Build.0 = Release|Any CPU
		{9ED2913B-2982-46D1-8E46-8622BFC90640}.AppStore|Any CPU.ActiveCfg = Release|Any CPU
		{9ED2913B-2982-46D1-8E46-8622BFC90640}.AppStore|Any CPU.Build.0 = Release|Any CPU
		{9ED2913B-2982-46D1-8E46-8622BFC90640}.AppStore|ARM.ActiveCfg = Release|Any CPU
		{9ED2913B-2982-46D1-8E46-8622BFC90640}.AppStore|ARM.Build.0 = Release|Any CPU
		{9ED2913B-2982-46D1-8E46-8622BFC90640}.AppStore|iPhone.ActiveCfg = Release|Any CPU
		{9ED2913B-2982-46D1-8E46-8622BFC90640}.AppStore|iPhone.Build.0 = Release|Any CPU
		{9ED2913B-2982-46D1-8E46-8622BFC90640}.AppStore|iPhoneSimulator.ActiveCfg = Release|Any CPU
		{9ED2913B-2982-46D1-8E46-8622BFC90640}.AppStore|iPhoneSimulator.Build.0 = Release|Any CPU
		{9ED2913B-2982-46D1-8E46-8622BFC90640}.AppStore|x64.ActiveCfg = Release|Any CPU
		{9ED2913B-2982-46D1-8E46-8622BFC90640}.AppStore|x64.Build.0 = Release|Any CPU
		{9ED2913B-2982-46D1-8E46-8622BFC90640}.AppStore|x86.ActiveCfg = Release|Any CPU
		{9ED2913B-2982-46D1-8E46-8622BFC90640}.AppStore|x86.Build.0 = Release|Any CPU
		{9ED2913B-2982-46D1-8E46-8622BFC90640}.Debug|Any CPU.ActiveCfg = Debug|Any CPU
		{9ED2913B-2982-46D1-8E46-8622BFC90640}.Debug|Any CPU.Build.0 = Debug|Any CPU
		{9ED2913B-2982-46D1-8E46-8622BFC90640}.Debug|ARM.ActiveCfg = Debug|Any CPU
		{9ED2913B-2982-46D1-8E46-8622BFC90640}.Debug|ARM.Build.0 = Debug|Any CPU
		{9ED2913B-2982-46D1-8E46-8622BFC90640}.Debug|iPhone.ActiveCfg = Debug|Any CPU
		{9ED2913B-2982-46D1-8E46-8622BFC90640}.Debug|iPhone.Build.0 = Debug|Any CPU
		{9ED2913B-2982-46D1-8E46-8622BFC90640}.Debug|iPhoneSimulator.ActiveCfg = Debug|Any CPU
		{9ED2913B-2982-46D1-8E46-8622BFC90640}.Debug|iPhoneSimulator.Build.0 = Debug|Any CPU
		{9ED2913B-2982-46D1-8E46-8622BFC90640}.Debug|x64.ActiveCfg = Debug|Any CPU
		{9ED2913B-2982-46D1-8E46-8622BFC90640}.Debug|x64.Build.0 = Debug|Any CPU
		{9ED2913B-2982-46D1-8E46-8622BFC90640}.Debug|x86.ActiveCfg = Debug|Any CPU
		{9ED2913B-2982-46D1-8E46-8622BFC90640}.Debug|x86.Build.0 = Debug|Any CPU
		{9ED2913B-2982-46D1-8E46-8622BFC90640}.Release|Any CPU.ActiveCfg = Release|Any CPU
		{9ED2913B-2982-46D1-8E46-8622BFC90640}.Release|Any CPU.Build.0 = Release|Any CPU
		{9ED2913B-2982-46D1-8E46-8622BFC90640}.Release|ARM.ActiveCfg = Release|Any CPU
		{9ED2913B-2982-46D1-8E46-8622BFC90640}.Release|ARM.Build.0 = Release|Any CPU
		{9ED2913B-2982-46D1-8E46-8622BFC90640}.Release|iPhone.ActiveCfg = Release|Any CPU
		{9ED2913B-2982-46D1-8E46-8622BFC90640}.Release|iPhone.Build.0 = Release|Any CPU
		{9ED2913B-2982-46D1-8E46-8622BFC90640}.Release|iPhoneSimulator.ActiveCfg = Release|Any CPU
		{9ED2913B-2982-46D1-8E46-8622BFC90640}.Release|iPhoneSimulator.Build.0 = Release|Any CPU
		{9ED2913B-2982-46D1-8E46-8622BFC90640}.Release|x64.ActiveCfg = Release|Any CPU
		{9ED2913B-2982-46D1-8E46-8622BFC90640}.Release|x64.Build.0 = Release|Any CPU
		{9ED2913B-2982-46D1-8E46-8622BFC90640}.Release|x86.ActiveCfg = Release|Any CPU
		{9ED2913B-2982-46D1-8E46-8622BFC90640}.Release|x86.Build.0 = Release|Any CPU
		{CE4F844D-C751-41CA-9DD8-E09924BE8BCB}.Ad-Hoc|Any CPU.ActiveCfg = Release|Any CPU
		{CE4F844D-C751-41CA-9DD8-E09924BE8BCB}.Ad-Hoc|Any CPU.Build.0 = Release|Any CPU
		{CE4F844D-C751-41CA-9DD8-E09924BE8BCB}.Ad-Hoc|ARM.ActiveCfg = Release|Any CPU
		{CE4F844D-C751-41CA-9DD8-E09924BE8BCB}.Ad-Hoc|ARM.Build.0 = Release|Any CPU
		{CE4F844D-C751-41CA-9DD8-E09924BE8BCB}.Ad-Hoc|iPhone.ActiveCfg = Release|Any CPU
		{CE4F844D-C751-41CA-9DD8-E09924BE8BCB}.Ad-Hoc|iPhone.Build.0 = Release|Any CPU
		{CE4F844D-C751-41CA-9DD8-E09924BE8BCB}.Ad-Hoc|iPhoneSimulator.ActiveCfg = Release|Any CPU
		{CE4F844D-C751-41CA-9DD8-E09924BE8BCB}.Ad-Hoc|iPhoneSimulator.Build.0 = Release|Any CPU
		{CE4F844D-C751-41CA-9DD8-E09924BE8BCB}.Ad-Hoc|x64.ActiveCfg = Release|Any CPU
		{CE4F844D-C751-41CA-9DD8-E09924BE8BCB}.Ad-Hoc|x64.Build.0 = Release|Any CPU
		{CE4F844D-C751-41CA-9DD8-E09924BE8BCB}.Ad-Hoc|x86.ActiveCfg = Release|Any CPU
		{CE4F844D-C751-41CA-9DD8-E09924BE8BCB}.Ad-Hoc|x86.Build.0 = Release|Any CPU
		{CE4F844D-C751-41CA-9DD8-E09924BE8BCB}.AppStore|Any CPU.ActiveCfg = Release|Any CPU
		{CE4F844D-C751-41CA-9DD8-E09924BE8BCB}.AppStore|Any CPU.Build.0 = Release|Any CPU
		{CE4F844D-C751-41CA-9DD8-E09924BE8BCB}.AppStore|ARM.ActiveCfg = Release|Any CPU
		{CE4F844D-C751-41CA-9DD8-E09924BE8BCB}.AppStore|ARM.Build.0 = Release|Any CPU
		{CE4F844D-C751-41CA-9DD8-E09924BE8BCB}.AppStore|iPhone.ActiveCfg = Release|Any CPU
		{CE4F844D-C751-41CA-9DD8-E09924BE8BCB}.AppStore|iPhone.Build.0 = Release|Any CPU
		{CE4F844D-C751-41CA-9DD8-E09924BE8BCB}.AppStore|iPhoneSimulator.ActiveCfg = Release|Any CPU
		{CE4F844D-C751-41CA-9DD8-E09924BE8BCB}.AppStore|iPhoneSimulator.Build.0 = Release|Any CPU
		{CE4F844D-C751-41CA-9DD8-E09924BE8BCB}.AppStore|x64.ActiveCfg = Release|Any CPU
		{CE4F844D-C751-41CA-9DD8-E09924BE8BCB}.AppStore|x64.Build.0 = Release|Any CPU
		{CE4F844D-C751-41CA-9DD8-E09924BE8BCB}.AppStore|x86.ActiveCfg = Release|Any CPU
		{CE4F844D-C751-41CA-9DD8-E09924BE8BCB}.AppStore|x86.Build.0 = Release|Any CPU
		{CE4F844D-C751-41CA-9DD8-E09924BE8BCB}.Debug|Any CPU.ActiveCfg = Debug|Any CPU
		{CE4F844D-C751-41CA-9DD8-E09924BE8BCB}.Debug|Any CPU.Build.0 = Debug|Any CPU
		{CE4F844D-C751-41CA-9DD8-E09924BE8BCB}.Debug|ARM.ActiveCfg = Debug|Any CPU
		{CE4F844D-C751-41CA-9DD8-E09924BE8BCB}.Debug|ARM.Build.0 = Debug|Any CPU
		{CE4F844D-C751-41CA-9DD8-E09924BE8BCB}.Debug|iPhone.ActiveCfg = Debug|Any CPU
		{CE4F844D-C751-41CA-9DD8-E09924BE8BCB}.Debug|iPhone.Build.0 = Debug|Any CPU
		{CE4F844D-C751-41CA-9DD8-E09924BE8BCB}.Debug|iPhoneSimulator.ActiveCfg = Debug|Any CPU
		{CE4F844D-C751-41CA-9DD8-E09924BE8BCB}.Debug|iPhoneSimulator.Build.0 = Debug|Any CPU
		{CE4F844D-C751-41CA-9DD8-E09924BE8BCB}.Debug|x64.ActiveCfg = Debug|Any CPU
		{CE4F844D-C751-41CA-9DD8-E09924BE8BCB}.Debug|x64.Build.0 = Debug|Any CPU
		{CE4F844D-C751-41CA-9DD8-E09924BE8BCB}.Debug|x86.ActiveCfg = Debug|Any CPU
		{CE4F844D-C751-41CA-9DD8-E09924BE8BCB}.Debug|x86.Build.0 = Debug|Any CPU
		{CE4F844D-C751-41CA-9DD8-E09924BE8BCB}.Release|Any CPU.ActiveCfg = Release|Any CPU
		{CE4F844D-C751-41CA-9DD8-E09924BE8BCB}.Release|Any CPU.Build.0 = Release|Any CPU
		{CE4F844D-C751-41CA-9DD8-E09924BE8BCB}.Release|ARM.ActiveCfg = Release|Any CPU
		{CE4F844D-C751-41CA-9DD8-E09924BE8BCB}.Release|ARM.Build.0 = Release|Any CPU
		{CE4F844D-C751-41CA-9DD8-E09924BE8BCB}.Release|iPhone.ActiveCfg = Release|Any CPU
		{CE4F844D-C751-41CA-9DD8-E09924BE8BCB}.Release|iPhone.Build.0 = Release|Any CPU
		{CE4F844D-C751-41CA-9DD8-E09924BE8BCB}.Release|iPhoneSimulator.ActiveCfg = Release|Any CPU
		{CE4F844D-C751-41CA-9DD8-E09924BE8BCB}.Release|iPhoneSimulator.Build.0 = Release|Any CPU
		{CE4F844D-C751-41CA-9DD8-E09924BE8BCB}.Release|x64.ActiveCfg = Release|Any CPU
		{CE4F844D-C751-41CA-9DD8-E09924BE8BCB}.Release|x64.Build.0 = Release|Any CPU
		{CE4F844D-C751-41CA-9DD8-E09924BE8BCB}.Release|x86.ActiveCfg = Release|Any CPU
		{CE4F844D-C751-41CA-9DD8-E09924BE8BCB}.Release|x86.Build.0 = Release|Any CPU
		{48FC04D2-595D-4807-B50B-01B9900CD038}.Ad-Hoc|Any CPU.ActiveCfg = Release|Any CPU
		{48FC04D2-595D-4807-B50B-01B9900CD038}.Ad-Hoc|Any CPU.Build.0 = Release|Any CPU
		{48FC04D2-595D-4807-B50B-01B9900CD038}.Ad-Hoc|ARM.ActiveCfg = Release|Any CPU
		{48FC04D2-595D-4807-B50B-01B9900CD038}.Ad-Hoc|ARM.Build.0 = Release|Any CPU
		{48FC04D2-595D-4807-B50B-01B9900CD038}.Ad-Hoc|iPhone.ActiveCfg = Release|Any CPU
		{48FC04D2-595D-4807-B50B-01B9900CD038}.Ad-Hoc|iPhone.Build.0 = Release|Any CPU
		{48FC04D2-595D-4807-B50B-01B9900CD038}.Ad-Hoc|iPhoneSimulator.ActiveCfg = Release|Any CPU
		{48FC04D2-595D-4807-B50B-01B9900CD038}.Ad-Hoc|iPhoneSimulator.Build.0 = Release|Any CPU
		{48FC04D2-595D-4807-B50B-01B9900CD038}.Ad-Hoc|x64.ActiveCfg = Release|Any CPU
		{48FC04D2-595D-4807-B50B-01B9900CD038}.Ad-Hoc|x64.Build.0 = Release|Any CPU
		{48FC04D2-595D-4807-B50B-01B9900CD038}.Ad-Hoc|x86.ActiveCfg = Release|Any CPU
		{48FC04D2-595D-4807-B50B-01B9900CD038}.Ad-Hoc|x86.Build.0 = Release|Any CPU
		{48FC04D2-595D-4807-B50B-01B9900CD038}.AppStore|Any CPU.ActiveCfg = Release|Any CPU
		{48FC04D2-595D-4807-B50B-01B9900CD038}.AppStore|Any CPU.Build.0 = Release|Any CPU
		{48FC04D2-595D-4807-B50B-01B9900CD038}.AppStore|ARM.ActiveCfg = Release|Any CPU
		{48FC04D2-595D-4807-B50B-01B9900CD038}.AppStore|ARM.Build.0 = Release|Any CPU
		{48FC04D2-595D-4807-B50B-01B9900CD038}.AppStore|iPhone.ActiveCfg = Release|Any CPU
		{48FC04D2-595D-4807-B50B-01B9900CD038}.AppStore|iPhone.Build.0 = Release|Any CPU
		{48FC04D2-595D-4807-B50B-01B9900CD038}.AppStore|iPhoneSimulator.ActiveCfg = Release|Any CPU
		{48FC04D2-595D-4807-B50B-01B9900CD038}.AppStore|iPhoneSimulator.Build.0 = Release|Any CPU
		{48FC04D2-595D-4807-B50B-01B9900CD038}.AppStore|x64.ActiveCfg = Release|Any CPU
		{48FC04D2-595D-4807-B50B-01B9900CD038}.AppStore|x64.Build.0 = Release|Any CPU
		{48FC04D2-595D-4807-B50B-01B9900CD038}.AppStore|x86.ActiveCfg = Release|Any CPU
		{48FC04D2-595D-4807-B50B-01B9900CD038}.AppStore|x86.Build.0 = Release|Any CPU
		{48FC04D2-595D-4807-B50B-01B9900CD038}.Debug|Any CPU.ActiveCfg = Debug|Any CPU
		{48FC04D2-595D-4807-B50B-01B9900CD038}.Debug|Any CPU.Build.0 = Debug|Any CPU
		{48FC04D2-595D-4807-B50B-01B9900CD038}.Debug|ARM.ActiveCfg = Debug|Any CPU
		{48FC04D2-595D-4807-B50B-01B9900CD038}.Debug|ARM.Build.0 = Debug|Any CPU
		{48FC04D2-595D-4807-B50B-01B9900CD038}.Debug|iPhone.ActiveCfg = Debug|Any CPU
		{48FC04D2-595D-4807-B50B-01B9900CD038}.Debug|iPhone.Build.0 = Debug|Any CPU
		{48FC04D2-595D-4807-B50B-01B9900CD038}.Debug|iPhoneSimulator.ActiveCfg = Debug|Any CPU
		{48FC04D2-595D-4807-B50B-01B9900CD038}.Debug|iPhoneSimulator.Build.0 = Debug|Any CPU
		{48FC04D2-595D-4807-B50B-01B9900CD038}.Debug|x64.ActiveCfg = Debug|Any CPU
		{48FC04D2-595D-4807-B50B-01B9900CD038}.Debug|x64.Build.0 = Debug|Any CPU
		{48FC04D2-595D-4807-B50B-01B9900CD038}.Debug|x86.ActiveCfg = Debug|Any CPU
		{48FC04D2-595D-4807-B50B-01B9900CD038}.Debug|x86.Build.0 = Debug|Any CPU
		{48FC04D2-595D-4807-B50B-01B9900CD038}.Release|Any CPU.ActiveCfg = Release|Any CPU
		{48FC04D2-595D-4807-B50B-01B9900CD038}.Release|Any CPU.Build.0 = Release|Any CPU
		{48FC04D2-595D-4807-B50B-01B9900CD038}.Release|ARM.ActiveCfg = Release|Any CPU
		{48FC04D2-595D-4807-B50B-01B9900CD038}.Release|ARM.Build.0 = Release|Any CPU
		{48FC04D2-595D-4807-B50B-01B9900CD038}.Release|iPhone.ActiveCfg = Release|Any CPU
		{48FC04D2-595D-4807-B50B-01B9900CD038}.Release|iPhone.Build.0 = Release|Any CPU
		{48FC04D2-595D-4807-B50B-01B9900CD038}.Release|iPhoneSimulator.ActiveCfg = Release|Any CPU
		{48FC04D2-595D-4807-B50B-01B9900CD038}.Release|iPhoneSimulator.Build.0 = Release|Any CPU
		{48FC04D2-595D-4807-B50B-01B9900CD038}.Release|x64.ActiveCfg = Release|Any CPU
		{48FC04D2-595D-4807-B50B-01B9900CD038}.Release|x64.Build.0 = Release|Any CPU
		{48FC04D2-595D-4807-B50B-01B9900CD038}.Release|x86.ActiveCfg = Release|Any CPU
		{48FC04D2-595D-4807-B50B-01B9900CD038}.Release|x86.Build.0 = Release|Any CPU
		{2AFDE914-1CAC-4BFB-A622-191F3DA102EA}.Ad-Hoc|Any CPU.ActiveCfg = Debug|Any CPU
		{2AFDE914-1CAC-4BFB-A622-191F3DA102EA}.Ad-Hoc|Any CPU.Build.0 = Debug|Any CPU
		{2AFDE914-1CAC-4BFB-A622-191F3DA102EA}.Ad-Hoc|ARM.ActiveCfg = Debug|Any CPU
		{2AFDE914-1CAC-4BFB-A622-191F3DA102EA}.Ad-Hoc|ARM.Build.0 = Debug|Any CPU
		{2AFDE914-1CAC-4BFB-A622-191F3DA102EA}.Ad-Hoc|iPhone.ActiveCfg = Debug|Any CPU
		{2AFDE914-1CAC-4BFB-A622-191F3DA102EA}.Ad-Hoc|iPhone.Build.0 = Debug|Any CPU
		{2AFDE914-1CAC-4BFB-A622-191F3DA102EA}.Ad-Hoc|iPhoneSimulator.ActiveCfg = Debug|Any CPU
		{2AFDE914-1CAC-4BFB-A622-191F3DA102EA}.Ad-Hoc|iPhoneSimulator.Build.0 = Debug|Any CPU
		{2AFDE914-1CAC-4BFB-A622-191F3DA102EA}.Ad-Hoc|x64.ActiveCfg = Debug|Any CPU
		{2AFDE914-1CAC-4BFB-A622-191F3DA102EA}.Ad-Hoc|x64.Build.0 = Debug|Any CPU
		{2AFDE914-1CAC-4BFB-A622-191F3DA102EA}.Ad-Hoc|x86.ActiveCfg = Debug|Any CPU
		{2AFDE914-1CAC-4BFB-A622-191F3DA102EA}.Ad-Hoc|x86.Build.0 = Debug|Any CPU
		{2AFDE914-1CAC-4BFB-A622-191F3DA102EA}.AppStore|Any CPU.ActiveCfg = Debug|Any CPU
		{2AFDE914-1CAC-4BFB-A622-191F3DA102EA}.AppStore|Any CPU.Build.0 = Debug|Any CPU
		{2AFDE914-1CAC-4BFB-A622-191F3DA102EA}.AppStore|ARM.ActiveCfg = Debug|Any CPU
		{2AFDE914-1CAC-4BFB-A622-191F3DA102EA}.AppStore|ARM.Build.0 = Debug|Any CPU
		{2AFDE914-1CAC-4BFB-A622-191F3DA102EA}.AppStore|iPhone.ActiveCfg = Debug|Any CPU
		{2AFDE914-1CAC-4BFB-A622-191F3DA102EA}.AppStore|iPhone.Build.0 = Debug|Any CPU
		{2AFDE914-1CAC-4BFB-A622-191F3DA102EA}.AppStore|iPhoneSimulator.ActiveCfg = Debug|Any CPU
		{2AFDE914-1CAC-4BFB-A622-191F3DA102EA}.AppStore|iPhoneSimulator.Build.0 = Debug|Any CPU
		{2AFDE914-1CAC-4BFB-A622-191F3DA102EA}.AppStore|x64.ActiveCfg = Debug|Any CPU
		{2AFDE914-1CAC-4BFB-A622-191F3DA102EA}.AppStore|x64.Build.0 = Debug|Any CPU
		{2AFDE914-1CAC-4BFB-A622-191F3DA102EA}.AppStore|x86.ActiveCfg = Debug|Any CPU
		{2AFDE914-1CAC-4BFB-A622-191F3DA102EA}.AppStore|x86.Build.0 = Debug|Any CPU
		{2AFDE914-1CAC-4BFB-A622-191F3DA102EA}.Debug|Any CPU.ActiveCfg = Debug|Any CPU
		{2AFDE914-1CAC-4BFB-A622-191F3DA102EA}.Debug|Any CPU.Build.0 = Debug|Any CPU
		{2AFDE914-1CAC-4BFB-A622-191F3DA102EA}.Debug|ARM.ActiveCfg = Debug|Any CPU
		{2AFDE914-1CAC-4BFB-A622-191F3DA102EA}.Debug|ARM.Build.0 = Debug|Any CPU
		{2AFDE914-1CAC-4BFB-A622-191F3DA102EA}.Debug|iPhone.ActiveCfg = Debug|Any CPU
		{2AFDE914-1CAC-4BFB-A622-191F3DA102EA}.Debug|iPhone.Build.0 = Debug|Any CPU
		{2AFDE914-1CAC-4BFB-A622-191F3DA102EA}.Debug|iPhoneSimulator.ActiveCfg = Debug|Any CPU
		{2AFDE914-1CAC-4BFB-A622-191F3DA102EA}.Debug|iPhoneSimulator.Build.0 = Debug|Any CPU
		{2AFDE914-1CAC-4BFB-A622-191F3DA102EA}.Debug|x64.ActiveCfg = Debug|Any CPU
		{2AFDE914-1CAC-4BFB-A622-191F3DA102EA}.Debug|x64.Build.0 = Debug|Any CPU
		{2AFDE914-1CAC-4BFB-A622-191F3DA102EA}.Debug|x86.ActiveCfg = Debug|Any CPU
		{2AFDE914-1CAC-4BFB-A622-191F3DA102EA}.Debug|x86.Build.0 = Debug|Any CPU
		{2AFDE914-1CAC-4BFB-A622-191F3DA102EA}.Release|Any CPU.ActiveCfg = Release|Any CPU
		{2AFDE914-1CAC-4BFB-A622-191F3DA102EA}.Release|Any CPU.Build.0 = Release|Any CPU
		{2AFDE914-1CAC-4BFB-A622-191F3DA102EA}.Release|ARM.ActiveCfg = Release|Any CPU
		{2AFDE914-1CAC-4BFB-A622-191F3DA102EA}.Release|ARM.Build.0 = Release|Any CPU
		{2AFDE914-1CAC-4BFB-A622-191F3DA102EA}.Release|iPhone.ActiveCfg = Release|Any CPU
		{2AFDE914-1CAC-4BFB-A622-191F3DA102EA}.Release|iPhone.Build.0 = Release|Any CPU
		{2AFDE914-1CAC-4BFB-A622-191F3DA102EA}.Release|iPhoneSimulator.ActiveCfg = Release|Any CPU
		{2AFDE914-1CAC-4BFB-A622-191F3DA102EA}.Release|iPhoneSimulator.Build.0 = Release|Any CPU
		{2AFDE914-1CAC-4BFB-A622-191F3DA102EA}.Release|x64.ActiveCfg = Release|Any CPU
		{2AFDE914-1CAC-4BFB-A622-191F3DA102EA}.Release|x64.Build.0 = Release|Any CPU
		{2AFDE914-1CAC-4BFB-A622-191F3DA102EA}.Release|x86.ActiveCfg = Release|Any CPU
		{2AFDE914-1CAC-4BFB-A622-191F3DA102EA}.Release|x86.Build.0 = Release|Any CPU
	EndGlobalSection
	GlobalSection(SolutionProperties) = preSolution
		HideSolutionNode = FALSE
	EndGlobalSection
	GlobalSection(NestedProjects) = preSolution
		{D07F10B5-8285-434E-845D-CB0F3A3F49D1} = {BFE129F0-6B82-4A64-B0FF-E0C02DEDEB31}
		{9AC33941-0C79-46CC-8C35-9A3B1EAB2C54} = {BFE129F0-6B82-4A64-B0FF-E0C02DEDEB31}
	EndGlobalSection
	GlobalSection(ExtensibilityGlobals) = postSolution
		EnterpriseLibraryConfigurationToolBinariesPathV6 = packages\EnterpriseLibrary.TransientFaultHandling.6.0.1304.0\lib\portable-net45+win+wp8;packages\EnterpriseLibrary.TransientFaultHandling.Data.6.0.1304.1\lib\NET45
	EndGlobalSection
EndGlobal
